
Microsoft Visual Studio Solution File, Format Version 12.00
# Visual Studio Version 16
VisualStudioVersion = 16.0.30413.136
MinimumVisualStudioVersion = 10.0.40219.1
Project("{FAE04EC0-301F-11D3-BF4B-00C04F79EFBC}") = "Ejercicio1", "Ejercicio1\Ejercicio1.csproj", "{CC41BC93-1D67-42E7-ADA2-BFEC52CC452F}"
EndProject
Global
	GlobalSection(SolutionConfigurationPlatforms) = preSolution
		Debug|Any CPU = Debug|Any CPU
		Release|Any CPU = Release|Any CPU
	EndGlobalSection
	GlobalSection(ProjectConfigurationPlatforms) = postSolution
		{CC41BC93-1D67-42E7-ADA2-BFEC52CC452F}.Debug|Any CPU.ActiveCfg = Debug|Any CPU
		{CC41BC93-1D67-42E7-ADA2-BFEC52CC452F}.Debug|Any CPU.Build.0 = Debug|Any CPU
		{CC41BC93-1D67-42E7-ADA2-BFEC52CC452F}.Release|Any CPU.ActiveCfg = Release|Any CPU
		{CC41BC93-1D67-42E7-ADA2-BFEC52CC452F}.Release|Any CPU.Build.0 = Release|Any CPU
	EndGlobalSection
	GlobalSection(SolutionProperties) = preSolution
		HideSolutionNode = FALSE
	EndGlobalSection
	GlobalSection(ExtensibilityGlobals) = postSolution
		SolutionGuid = {55354A2C-E3D7-4B0D-A3DD-776417D390BD}
	EndGlobalSection
EndGlobal
